// !$*UTF8*$!
{
	archiveVersion = 1;
	classes = {
	};
	objectVersion = 46;
	objects = {

/* Begin PBXBuildFile section */
		5C0DDAA71F6E824F005DC189 /* AppDelegate.swift in Sources */ = {isa = PBXBuildFile; fileRef = 5C0DDAA61F6E824F005DC189 /* AppDelegate.swift */; };
		5C0DDAA91F6E824F005DC189 /* ViewController.swift in Sources */ = {isa = PBXBuildFile; fileRef = 5C0DDAA81F6E824F005DC189 /* ViewController.swift */; };
		5C0DDAAC1F6E824F005DC189 /* Main.storyboard in Resources */ = {isa = PBXBuildFile; fileRef = 5C0DDAAA1F6E824F005DC189 /* Main.storyboard */; };
		5C0DDAAE1F6E824F005DC189 /* Assets.xcassets in Resources */ = {isa = PBXBuildFile; fileRef = 5C0DDAAD1F6E824F005DC189 /* Assets.xcassets */; };
		5C0DDAB11F6E824F005DC189 /* LaunchScreen.storyboard in Resources */ = {isa = PBXBuildFile; fileRef = 5C0DDAAF1F6E824F005DC189 /* LaunchScreen.storyboard */; };
		5C3B67E61F6FF27B0094646A /* Extensions.swift in Sources */ = {isa = PBXBuildFile; fileRef = 5C3B67E51F6FF27B0094646A /* Extensions.swift */; };
		5C3B67E91F707F5A0094646A /* CellView.swift in Sources */ = {isa = PBXBuildFile; fileRef = 5C3B67E71F707F5A0094646A /* CellView.swift */; };
		5C3B67EA1F707F5A0094646A /* CellView.xib in Resources */ = {isa = PBXBuildFile; fileRef = 5C3B67E81F707F5A0094646A /* CellView.xib */; };
		5C3B67EF1F7098EF0094646A /* Schedule.swift in Sources */ = {isa = PBXBuildFile; fileRef = 5C3B67EC1F7098EF0094646A /* Schedule.swift */; };
		5C3B67F01F7098EF0094646A /* ScheduleTableViewCell.swift in Sources */ = {isa = PBXBuildFile; fileRef = 5C3B67ED1F7098EF0094646A /* ScheduleTableViewCell.swift */; };
		5C3B67F11F7098EF0094646A /* ScheduleTableViewCell.xib in Resources */ = {isa = PBXBuildFile; fileRef = 5C3B67EE1F7098EF0094646A /* ScheduleTableViewCell.xib */; };
		B3D3465C902B9E3F4A272E71 /* Pods_WLAppleCalendar.framework in Frameworks */ = {isa = PBXBuildFile; fileRef = 747016B00CE13C59C4009F6E /* Pods_WLAppleCalendar.framework */; };
/* End PBXBuildFile section */

/* Begin PBXFileReference section */
		5C0DDAA31F6E824F005DC189 /* WLAppleCalendar.app */ = {isa = PBXFileReference; explicitFileType = wrapper.application; includeInIndex = 0; path = WLAppleCalendar.app; sourceTree = BUILT_PRODUCTS_DIR; };
		5C0DDAA61F6E824F005DC189 /* AppDelegate.swift */ = {isa = PBXFileReference; lastKnownFileType = sourcecode.swift; path = AppDelegate.swift; sourceTree = "<group>"; };
		5C0DDAA81F6E824F005DC189 /* ViewController.swift */ = {isa = PBXFileReference; lastKnownFileType = sourcecode.swift; path = ViewController.swift; sourceTree = "<group>"; };
		5C0DDAAB1F6E824F005DC189 /* Base */ = {isa = PBXFileReference; lastKnownFileType = file.storyboard; name = Base; path = Base.lproj/Main.storyboard; sourceTree = "<group>"; };
		5C0DDAAD1F6E824F005DC189 /* Assets.xcassets */ = {isa = PBXFileReference; lastKnownFileType = folder.assetcatalog; path = Assets.xcassets; sourceTree = "<group>"; };
		5C0DDAB01F6E824F005DC189 /* Base */ = {isa = PBXFileReference; lastKnownFileType = file.storyboard; name = Base; path = Base.lproj/LaunchScreen.storyboard; sourceTree = "<group>"; };
		5C0DDAB21F6E824F005DC189 /* Info.plist */ = {isa = PBXFileReference; lastKnownFileType = text.plist.xml; path = Info.plist; sourceTree = "<group>"; };
		5C3B67E51F6FF27B0094646A /* Extensions.swift */ = {isa = PBXFileReference; fileEncoding = 4; lastKnownFileType = sourcecode.swift; path = Extensions.swift; sourceTree = "<group>"; };
		5C3B67E71F707F5A0094646A /* CellView.swift */ = {isa = PBXFileReference; fileEncoding = 4; lastKnownFileType = sourcecode.swift; path = CellView.swift; sourceTree = "<group>"; };
		5C3B67E81F707F5A0094646A /* CellView.xib */ = {isa = PBXFileReference; fileEncoding = 4; lastKnownFileType = file.xib; path = CellView.xib; sourceTree = "<group>"; };
		5C3B67EC1F7098EF0094646A /* Schedule.swift */ = {isa = PBXFileReference; fileEncoding = 4; lastKnownFileType = sourcecode.swift; path = Schedule.swift; sourceTree = "<group>"; };
		5C3B67ED1F7098EF0094646A /* ScheduleTableViewCell.swift */ = {isa = PBXFileReference; fileEncoding = 4; lastKnownFileType = sourcecode.swift; path = ScheduleTableViewCell.swift; sourceTree = "<group>"; };
		5C3B67EE1F7098EF0094646A /* ScheduleTableViewCell.xib */ = {isa = PBXFileReference; fileEncoding = 4; lastKnownFileType = file.xib; path = ScheduleTableViewCell.xib; sourceTree = "<group>"; };
		747016B00CE13C59C4009F6E /* Pods_WLAppleCalendar.framework */ = {isa = PBXFileReference; explicitFileType = wrapper.framework; includeInIndex = 0; path = Pods_WLAppleCalendar.framework; sourceTree = BUILT_PRODUCTS_DIR; };
		B6E558E5D80BCFC3F01C7921 /* Pods-WLAppleCalendar.debug.xcconfig */ = {isa = PBXFileReference; includeInIndex = 1; lastKnownFileType = text.xcconfig; name = "Pods-WLAppleCalendar.debug.xcconfig"; path = "Pods/Target Support Files/Pods-WLAppleCalendar/Pods-WLAppleCalendar.debug.xcconfig"; sourceTree = "<group>"; };
		BEE55AD0A21E33F10BB799BC /* Pods-WLAppleCalendar.release.xcconfig */ = {isa = PBXFileReference; includeInIndex = 1; lastKnownFileType = text.xcconfig; name = "Pods-WLAppleCalendar.release.xcconfig"; path = "Pods/Target Support Files/Pods-WLAppleCalendar/Pods-WLAppleCalendar.release.xcconfig"; sourceTree = "<group>"; };
/* End PBXFileReference section */

/* Begin PBXFrameworksBuildPhase section */
		5C0DDAA01F6E824F005DC189 /* Frameworks */ = {
			isa = PBXFrameworksBuildPhase;
			buildActionMask = 2147483647;
			files = (
				B3D3465C902B9E3F4A272E71 /* Pods_WLAppleCalendar.framework in Frameworks */,
			);
			runOnlyForDeploymentPostprocessing = 0;
		};
/* End PBXFrameworksBuildPhase section */

/* Begin PBXGroup section */
		0CD15E60147A38BD3AABBA31 /* Frameworks */ = {
			isa = PBXGroup;
			children = (
				747016B00CE13C59C4009F6E /* Pods_WLAppleCalendar.framework */,
			);
			name = Frameworks;
			sourceTree = "<group>";
		};
		0D58ADA7BCB05C4AC8FDDF24 /* Pods */ = {
			isa = PBXGroup;
			children = (
				B6E558E5D80BCFC3F01C7921 /* Pods-WLAppleCalendar.debug.xcconfig */,
				BEE55AD0A21E33F10BB799BC /* Pods-WLAppleCalendar.release.xcconfig */,
			);
			name = Pods;
			sourceTree = "<group>";
		};
		5C0DDA9A1F6E824F005DC189 = {
			isa = PBXGroup;
			children = (
				5C0DDAA51F6E824F005DC189 /* WLAppleCalendar */,
				5C0DDAA41F6E824F005DC189 /* Products */,
				0D58ADA7BCB05C4AC8FDDF24 /* Pods */,
				0CD15E60147A38BD3AABBA31 /* Frameworks */,
			);
			sourceTree = "<group>";
		};
		5C0DDAA41F6E824F005DC189 /* Products */ = {
			isa = PBXGroup;
			children = (
				5C0DDAA31F6E824F005DC189 /* WLAppleCalendar.app */,
			);
			name = Products;
			sourceTree = "<group>";
		};
		5C0DDAA51F6E824F005DC189 /* WLAppleCalendar */ = {
			isa = PBXGroup;
			children = (
				5C0DDAA61F6E824F005DC189 /* AppDelegate.swift */,
				5C0DDAA81F6E824F005DC189 /* ViewController.swift */,
				5C3B67E51F6FF27B0094646A /* Extensions.swift */,
				5C3B67EB1F7098E30094646A /* Schedule */,
				5C0DDABC1F6E9275005DC189 /* DateCellCreatedWithXIB */,
				5C0DDAAA1F6E824F005DC189 /* Main.storyboard */,
				5C0DDAAD1F6E824F005DC189 /* Assets.xcassets */,
				5C0DDAAF1F6E824F005DC189 /* LaunchScreen.storyboard */,
				5C0DDAB21F6E824F005DC189 /* Info.plist */,
			);
			path = WLAppleCalendar;
			sourceTree = "<group>";
		};
		5C0DDABC1F6E9275005DC189 /* DateCellCreatedWithXIB */ = {
			isa = PBXGroup;
			children = (
				5C3B67E71F707F5A0094646A /* CellView.swift */,
				5C3B67E81F707F5A0094646A /* CellView.xib */,
			);
			path = DateCellCreatedWithXIB;
			sourceTree = "<group>";
		};
		5C3B67EB1F7098E30094646A /* Schedule */ = {
			isa = PBXGroup;
			children = (
				5C3B67EC1F7098EF0094646A /* Schedule.swift */,
				5C3B67ED1F7098EF0094646A /* ScheduleTableViewCell.swift */,
				5C3B67EE1F7098EF0094646A /* ScheduleTableViewCell.xib */,
			);
			path = Schedule;
			sourceTree = "<group>";
		};
/* End PBXGroup section */

/* Begin PBXNativeTarget section */
		5C0DDAA21F6E824F005DC189 /* WLAppleCalendar */ = {
			isa = PBXNativeTarget;
			buildConfigurationList = 5C0DDAB51F6E824F005DC189 /* Build configuration list for PBXNativeTarget "WLAppleCalendar" */;
			buildPhases = (
				F1E2DE4244A9B6D2A95B02DF /* [CP] Check Pods Manifest.lock */,
				5C0DDA9F1F6E824F005DC189 /* Sources */,
				5C0DDAA01F6E824F005DC189 /* Frameworks */,
				5C0DDAA11F6E824F005DC189 /* Resources */,
				69D8A745256763A064034EF6 /* [CP] Embed Pods Frameworks */,
				18DB3B47422A0CE81C4710B1 /* [CP] Copy Pods Resources */,
			);
			buildRules = (
			);
			dependencies = (
			);
			name = WLAppleCalendar;
			productName = WLAppleCalendar;
			productReference = 5C0DDAA31F6E824F005DC189 /* WLAppleCalendar.app */;
			productType = "com.apple.product-type.application";
		};
/* End PBXNativeTarget section */

/* Begin PBXProject section */
		5C0DDA9B1F6E824F005DC189 /* Project object */ = {
			isa = PBXProject;
			attributes = {
				LastSwiftUpdateCheck = 0830;
				LastUpgradeCheck = 0830;
				ORGANIZATIONNAME = willard;
				TargetAttributes = {
					5C0DDAA21F6E824F005DC189 = {
						CreatedOnToolsVersion = 8.3.3;
						ProvisioningStyle = Manual;
					};
				};
			};
			buildConfigurationList = 5C0DDA9E1F6E824F005DC189 /* Build configuration list for PBXProject "WLAppleCalendar" */;
			compatibilityVersion = "Xcode 3.2";
			developmentRegion = English;
			hasScannedForEncodings = 0;
			knownRegions = (
				en,
				Base,
			);
			mainGroup = 5C0DDA9A1F6E824F005DC189;
			productRefGroup = 5C0DDAA41F6E824F005DC189 /* Products */;
			projectDirPath = "";
			projectRoot = "";
			targets = (
				5C0DDAA21F6E824F005DC189 /* WLAppleCalendar */,
			);
		};
/* End PBXProject section */

/* Begin PBXResourcesBuildPhase section */
		5C0DDAA11F6E824F005DC189 /* Resources */ = {
			isa = PBXResourcesBuildPhase;
			buildActionMask = 2147483647;
			files = (
				5C0DDAB11F6E824F005DC189 /* LaunchScreen.storyboard in Resources */,
				5C3B67EA1F707F5A0094646A /* CellView.xib in Resources */,
				5C0DDAAE1F6E824F005DC189 /* Assets.xcassets in Resources */,
				5C0DDAAC1F6E824F005DC189 /* Main.storyboard in Resources */,
				5C3B67F11F7098EF0094646A /* ScheduleTableViewCell.xib in Resources */,
			);
			runOnlyForDeploymentPostprocessing = 0;
		};
/* End PBXResourcesBuildPhase section */

/* Begin PBXShellScriptBuildPhase section */
		18DB3B47422A0CE81C4710B1 /* [CP] Copy Pods Resources */ = {
			isa = PBXShellScriptBuildPhase;
			buildActionMask = 2147483647;
			files = (
			);
			inputPaths = (
			);
			name = "[CP] Copy Pods Resources";
			outputPaths = (
			);
			runOnlyForDeploymentPostprocessing = 0;
			shellPath = /bin/sh;
			shellScript = "\"${SRCROOT}/Pods/Target Support Files/Pods-WLAppleCalendar/Pods-WLAppleCalendar-resources.sh\"\n";
			showEnvVarsInLog = 0;
		};
		69D8A745256763A064034EF6 /* [CP] Embed Pods Frameworks */ = {
			isa = PBXShellScriptBuildPhase;
			buildActionMask = 2147483647;
			files = (
			);
			inputPaths = (
			);
			name = "[CP] Embed Pods Frameworks";
			outputPaths = (
			);
			runOnlyForDeploymentPostprocessing = 0;
			shellPath = /bin/sh;
			shellScript = "\"${SRCROOT}/Pods/Target Support Files/Pods-WLAppleCalendar/Pods-WLAppleCalendar-frameworks.sh\"\n";
			showEnvVarsInLog = 0;
		};
		F1E2DE4244A9B6D2A95B02DF /* [CP] Check Pods Manifest.lock */ = {
			isa = PBXShellScriptBuildPhase;
			buildActionMask = 2147483647;
			files = (
			);
			inputPaths = (
			);
			name = "[CP] Check Pods Manifest.lock";
			outputPaths = (
			);
			runOnlyForDeploymentPostprocessing = 0;
			shellPath = /bin/sh;
			shellScript = "diff \"${PODS_ROOT}/../Podfile.lock\" \"${PODS_ROOT}/Manifest.lock\" > /dev/null\nif [ $? != 0 ] ; then\n    # print error to STDERR\n    echo \"error: The sandbox is not in sync with the Podfile.lock. Run 'pod install' or update your CocoaPods installation.\" >&2\n    exit 1\nfi\n";
			showEnvVarsInLog = 0;
		};
/* End PBXShellScriptBuildPhase section */

/* Begin PBXSourcesBuildPhase section */
		5C0DDA9F1F6E824F005DC189 /* Sources */ = {
			isa = PBXSourcesBuildPhase;
			buildActionMask = 2147483647;
			files = (
				5C3B67E61F6FF27B0094646A /* Extensions.swift in Sources */,
				5C3B67E91F707F5A0094646A /* CellView.swift in Sources */,
				5C0DDAA91F6E824F005DC189 /* ViewController.swift in Sources */,
				5C3B67EF1F7098EF0094646A /* Schedule.swift in Sources */,
				5C3B67F01F7098EF0094646A /* ScheduleTableViewCell.swift in Sources */,
				5C0DDAA71F6E824F005DC189 /* AppDelegate.swift in Sources */,
			);
			runOnlyForDeploymentPostprocessing = 0;
		};
/* End PBXSourcesBuildPhase section */

/* Begin PBXVariantGroup section */
		5C0DDAAA1F6E824F005DC189 /* Main.storyboard */ = {
			isa = PBXVariantGroup;
			children = (
				5C0DDAAB1F6E824F005DC189 /* Base */,
			);
			name = Main.storyboard;
			sourceTree = "<group>";
		};
		5C0DDAAF1F6E824F005DC189 /* LaunchScreen.storyboard */ = {
			isa = PBXVariantGroup;
			children = (
				5C0DDAB01F6E824F005DC189 /* Base */,
			);
			name = LaunchScreen.storyboard;
			sourceTree = "<group>";
		};
/* End PBXVariantGroup section */

/* Begin XCBuildConfiguration section */
		5C0DDAB31F6E824F005DC189 /* Debug */ = {
			isa = XCBuildConfiguration;
			buildSettings = {
				ALWAYS_SEARCH_USER_PATHS = NO;
				CLANG_ANALYZER_NONNULL = YES;
				CLANG_ANALYZER_NUMBER_OBJECT_CONVERSION = YES_AGGRESSIVE;
				CLANG_CXX_LANGUAGE_STANDARD = "gnu++0x";
				CLANG_CXX_LIBRARY = "libc++";
				CLANG_ENABLE_MODULES = YES;
				CLANG_ENABLE_OBJC_ARC = YES;
				CLANG_WARN_BOOL_CONVERSION = YES;
				CLANG_WARN_CONSTANT_CONVERSION = YES;
				CLANG_WARN_DIRECT_OBJC_ISA_USAGE = YES_ERROR;
				CLANG_WARN_DOCUMENTATION_COMMENTS = YES;
				CLANG_WARN_EMPTY_BODY = YES;
				CLANG_WARN_ENUM_CONVERSION = YES;
				CLANG_WARN_INFINITE_RECURSION = YES;
				CLANG_WARN_INT_CONVERSION = YES;
				CLANG_WARN_OBJC_ROOT_CLASS = YES_ERROR;
				CLANG_WARN_SUSPICIOUS_MOVE = YES;
				CLANG_WARN_UNREACHABLE_CODE = YES;
				CLANG_WARN__DUPLICATE_METHOD_MATCH = YES;
				"CODE_SIGN_IDENTITY[sdk=iphoneos*]" = "iPhone Developer";
				COPY_PHASE_STRIP = NO;
				DEBUG_INFORMATION_FORMAT = dwarf;
				ENABLE_STRICT_OBJC_MSGSEND = YES;
				ENABLE_TESTABILITY = YES;
				GCC_C_LANGUAGE_STANDARD = gnu99;
				GCC_DYNAMIC_NO_PIC = NO;
				GCC_NO_COMMON_BLOCKS = YES;
				GCC_OPTIMIZATION_LEVEL = 0;
				GCC_PREPROCESSOR_DEFINITIONS = (
					"DEBUG=1",
					"$(inherited)",
				);
				GCC_WARN_64_TO_32_BIT_CONVERSION = YES;
				GCC_WARN_ABOUT_RETURN_TYPE = YES_ERROR;
				GCC_WARN_UNDECLARED_SELECTOR = YES;
				GCC_WARN_UNINITIALIZED_AUTOS = YES_AGGRESSIVE;
				GCC_WARN_UNUSED_FUNCTION = YES;
				GCC_WARN_UNUSED_VARIABLE = YES;
				IPHONEOS_DEPLOYMENT_TARGET = 10.3;
				MTL_ENABLE_DEBUG_INFO = YES;
				ONLY_ACTIVE_ARCH = YES;
				SDKROOT = iphoneos;
				SWIFT_ACTIVE_COMPILATION_CONDITIONS = DEBUG;
				SWIFT_OPTIMIZATION_LEVEL = "-Onone";
				TARGETED_DEVICE_FAMILY = "1,2";
			};
			name = Debug;
		};
		5C0DDAB41F6E824F005DC189 /* Release */ = {
			isa = XCBuildConfiguration;
			buildSettings = {
				ALWAYS_SEARCH_USER_PATHS = NO;
				CLANG_ANALYZER_NONNULL = YES;
				CLANG_ANALYZER_NUMBER_OBJECT_CONVERSION = YES_AGGRESSIVE;
				CLANG_CXX_LANGUAGE_STANDARD = "gnu++0x";
				CLANG_CXX_LIBRARY = "libc++";
				CLANG_ENABLE_MODULES = YES;
				CLANG_ENABLE_OBJC_ARC = YES;
				CLANG_WARN_BOOL_CONVERSION = YES;
				CLANG_WARN_CONSTANT_CONVERSION = YES;
				CLANG_WARN_DIRECT_OBJC_ISA_USAGE = YES_ERROR;
				CLANG_WARN_DOCUMENTATION_COMMENTS = YES;
				CLANG_WARN_EMPTY_BODY = YES;
				CLANG_WARN_ENUM_CONVERSION = YES;
				CLANG_WARN_INFINITE_RECURSION = YES;
				CLANG_WARN_INT_CONVERSION = YES;
				CLANG_WARN_OBJC_ROOT_CLASS = YES_ERROR;
				CLANG_WARN_SUSPICIOUS_MOVE = YES;
				CLANG_WARN_UNREACHABLE_CODE = YES;
				CLANG_WARN__DUPLICATE_METHOD_MATCH = YES;
				"CODE_SIGN_IDENTITY[sdk=iphoneos*]" = "iPhone Developer";
				COPY_PHASE_STRIP = NO;
				DEBUG_INFORMATION_FORMAT = "dwarf-with-dsym";
				ENABLE_NS_ASSERTIONS = NO;
				ENABLE_STRICT_OBJC_MSGSEND = YES;
				GCC_C_LANGUAGE_STANDARD = gnu99;
				GCC_NO_COMMON_BLOCKS = YES;
				GCC_WARN_64_TO_32_BIT_CONVERSION = YES;
				GCC_WARN_ABOUT_RETURN_TYPE = YES_ERROR;
				GCC_WARN_UNDECLARED_SELECTOR = YES;
				GCC_WARN_UNINITIALIZED_AUTOS = YES_AGGRESSIVE;
				GCC_WARN_UNUSED_FUNCTION = YES;
				GCC_WARN_UNUSED_VARIABLE = YES;
				IPHONEOS_DEPLOYMENT_TARGET = 10.3;
				MTL_ENABLE_DEBUG_INFO = NO;
				SDKROOT = iphoneos;
				SWIFT_OPTIMIZATION_LEVEL = "-Owholemodule";
				TARGETED_DEVICE_FAMILY = "1,2";
				VALIDATE_PRODUCT = YES;
			};
			name = Release;
		};
		5C0DDAB61F6E824F005DC189 /* Debug */ = {
			isa = XCBuildConfiguration;
			baseConfigurationReference = B6E558E5D80BCFC3F01C7921 /* Pods-WLAppleCalendar.debug.xcconfig */;
			buildSettings = {
				ASSETCATALOG_COMPILER_APPICON_NAME = AppIcon;
				DEVELOPMENT_TEAM = "";
				INFOPLIST_FILE = WLAppleCalendar/Info.plist;
				LD_RUNPATH_SEARCH_PATHS = "$(inherited) @executable_path/Frameworks";
				PRODUCT_BUNDLE_IDENTIFIER = com.willard.WLAppleCalendar;
				PRODUCT_NAME = "$(TARGET_NAME)";
				PROVISIONING_PROFILE_SPECIFIER = "";
				SWIFT_VERSION = 3.0;
			};
			name = Debug;
		};
		5C0DDAB71F6E824F005DC189 /* Release */ = {
			isa = XCBuildConfiguration;
			baseConfigurationReference = BEE55AD0A21E33F10BB799BC /* Pods-WLAppleCalendar.release.xcconfig */;
			buildSettings = {
				ASSETCATALOG_COMPILER_APPICON_NAME = AppIcon;
				DEVELOPMENT_TEAM = "";
				INFOPLIST_FILE = WLAppleCalendar/Info.plist;
				LD_RUNPATH_SEARCH_PATHS = "$(inherited) @executable_path/Frameworks";
				PRODUCT_BUNDLE_IDENTIFIER = com.willard.WLAppleCalendar;
				PRODUCT_NAME = "$(TARGET_NAME)";
				PROVISIONING_PROFILE_SPECIFIER = "";
				SWIFT_VERSION = 3.0;
			};
			name = Release;
		};
/* End XCBuildConfiguration section */

/* Begin XCConfigurationList section */
		5C0DDA9E1F6E824F005DC189 /* Build configuration list for PBXProject "WLAppleCalendar" */ = {
			isa = XCConfigurationList;
			buildConfigurations = (
				5C0DDAB31F6E824F005DC189 /* Debug */,
				5C0DDAB41F6E824F005DC189 /* Release */,
			);
			defaultConfigurationIsVisible = 0;
			defaultConfigurationName = Release;
		};
		5C0DDAB51F6E824F005DC189 /* Build configuration list for PBXNativeTarget "WLAppleCalendar" */ = {
			isa = XCConfigurationList;
			buildConfigurations = (
				5C0DDAB61F6E824F005DC189 /* Debug */,
				5C0DDAB71F6E824F005DC189 /* Release */,
			);
			defaultConfigurationIsVisible = 0;
			defaultConfigurationName = Release;
		};
/* End XCConfigurationList section */
	};
	rootObject = 5C0DDA9B1F6E824F005DC189 /* Project object */;
}
